// !$*UTF8*$!
{
	archiveVersion = 1;
	classes = {
	};
	objectVersion = 56;
	objects = {

/* Begin PBXBuildFile section */
		224927B82A76937A0032B4E9 /* TouchdownApp.swift in Sources */ = {isa = PBXBuildFile; fileRef = 224927B72A76937A0032B4E9 /* TouchdownApp.swift */; };
		224927BA2A76937A0032B4E9 /* ContentView.swift in Sources */ = {isa = PBXBuildFile; fileRef = 224927B92A76937A0032B4E9 /* ContentView.swift */; };
		224927BC2A76937A0032B4E9 /* Assets.xcassets in Resources */ = {isa = PBXBuildFile; fileRef = 224927BB2A76937A0032B4E9 /* Assets.xcassets */; };
		224927BF2A76937A0032B4E9 /* Preview Assets.xcassets in Resources */ = {isa = PBXBuildFile; fileRef = 224927BE2A76937A0032B4E9 /* Preview Assets.xcassets */; };
		224927CA2A7693E90032B4E9 /* product.json in Resources */ = {isa = PBXBuildFile; fileRef = 224927C62A7693E90032B4E9 /* product.json */; };
		224927CB2A7693E90032B4E9 /* player.json in Resources */ = {isa = PBXBuildFile; fileRef = 224927C72A7693E90032B4E9 /* player.json */; };
		224927CC2A7693E90032B4E9 /* category.json in Resources */ = {isa = PBXBuildFile; fileRef = 224927C82A7693E90032B4E9 /* category.json */; };
		224927CD2A7693E90032B4E9 /* brand.json in Resources */ = {isa = PBXBuildFile; fileRef = 224927C92A7693E90032B4E9 /* brand.json */; };
		224927D82A7694E00032B4E9 /* Constant.swift in Sources */ = {isa = PBXBuildFile; fileRef = 224927D72A7694E00032B4E9 /* Constant.swift */; };
		224927DA2A76958E0032B4E9 /* FooterView.swift in Sources */ = {isa = PBXBuildFile; fileRef = 224927D92A76958E0032B4E9 /* FooterView.swift */; };
		224927DC2A7698A60032B4E9 /* NavigationBarView.swift in Sources */ = {isa = PBXBuildFile; fileRef = 224927DB2A7698A60032B4E9 /* NavigationBarView.swift */; };
		224927DE2A7699580032B4E9 /* LogoView.swift in Sources */ = {isa = PBXBuildFile; fileRef = 224927DD2A7699580032B4E9 /* LogoView.swift */; };
		224927E22A769C790032B4E9 /* PlayerModel.swift in Sources */ = {isa = PBXBuildFile; fileRef = 224927E12A769C790032B4E9 /* PlayerModel.swift */; };
		224927E42A769C8F0032B4E9 /* CodableBundleExtension.swift in Sources */ = {isa = PBXBuildFile; fileRef = 224927E32A769C8F0032B4E9 /* CodableBundleExtension.swift */; };
		224927E62A769CF90032B4E9 /* FeaturedItemView.swift in Sources */ = {isa = PBXBuildFile; fileRef = 224927E52A769CF90032B4E9 /* FeaturedItemView.swift */; };
		224927E82A769D3E0032B4E9 /* FeaturedTabView.swift in Sources */ = {isa = PBXBuildFile; fileRef = 224927E72A769D3E0032B4E9 /* FeaturedTabView.swift */; };
		224927EA2A769EE30032B4E9 /* CategoryModel.swift in Sources */ = {isa = PBXBuildFile; fileRef = 224927E92A769EE30032B4E9 /* CategoryModel.swift */; };
		224927EC2A769F3D0032B4E9 /* CategoryItemView.swift in Sources */ = {isa = PBXBuildFile; fileRef = 224927EB2A769F3D0032B4E9 /* CategoryItemView.swift */; };
		224927EE2A76A0490032B4E9 /* CategoryGridView.swift in Sources */ = {isa = PBXBuildFile; fileRef = 224927ED2A76A0490032B4E9 /* CategoryGridView.swift */; };
		224927F02A76A1290032B4E9 /* SectionView.swift in Sources */ = {isa = PBXBuildFile; fileRef = 224927EF2A76A1290032B4E9 /* SectionView.swift */; };
		224927F22A76A28A0032B4E9 /* TitleView.swift in Sources */ = {isa = PBXBuildFile; fileRef = 224927F12A76A28A0032B4E9 /* TitleView.swift */; };
		224927F42A76A30A0032B4E9 /* ProductModel.swift in Sources */ = {isa = PBXBuildFile; fileRef = 224927F32A76A30A0032B4E9 /* ProductModel.swift */; };
		224927F62A76A3510032B4E9 /* ProductItemView.swift in Sources */ = {isa = PBXBuildFile; fileRef = 224927F52A76A3510032B4E9 /* ProductItemView.swift */; };
		224927F82A76A5590032B4E9 /* BrandModel.swift in Sources */ = {isa = PBXBuildFile; fileRef = 224927F72A76A5590032B4E9 /* BrandModel.swift */; };
		224927FA2A76A5930032B4E9 /* BrandItemView.swift in Sources */ = {isa = PBXBuildFile; fileRef = 224927F92A76A5930032B4E9 /* BrandItemView.swift */; };
		224927FC2A76A5F20032B4E9 /* BrandGridView.swift in Sources */ = {isa = PBXBuildFile; fileRef = 224927FB2A76A5F20032B4E9 /* BrandGridView.swift */; };
/* End PBXBuildFile section */

/* Begin PBXFileReference section */
		224927B42A76937A0032B4E9 /* Touchdown.app */ = {isa = PBXFileReference; explicitFileType = wrapper.application; includeInIndex = 0; path = Touchdown.app; sourceTree = BUILT_PRODUCTS_DIR; };
		224927B72A76937A0032B4E9 /* TouchdownApp.swift */ = {isa = PBXFileReference; lastKnownFileType = sourcecode.swift; path = TouchdownApp.swift; sourceTree = "<group>"; };
		224927B92A76937A0032B4E9 /* ContentView.swift */ = {isa = PBXFileReference; lastKnownFileType = sourcecode.swift; path = ContentView.swift; sourceTree = "<group>"; };
		224927BB2A76937A0032B4E9 /* Assets.xcassets */ = {isa = PBXFileReference; lastKnownFileType = folder.assetcatalog; path = Assets.xcassets; sourceTree = "<group>"; };
		224927BE2A76937A0032B4E9 /* Preview Assets.xcassets */ = {isa = PBXFileReference; lastKnownFileType = folder.assetcatalog; path = "Preview Assets.xcassets"; sourceTree = "<group>"; };
		224927C62A7693E90032B4E9 /* product.json */ = {isa = PBXFileReference; fileEncoding = 4; lastKnownFileType = text.json; path = product.json; sourceTree = "<group>"; };
		224927C72A7693E90032B4E9 /* player.json */ = {isa = PBXFileReference; fileEncoding = 4; lastKnownFileType = text.json; path = player.json; sourceTree = "<group>"; };
		224927C82A7693E90032B4E9 /* category.json */ = {isa = PBXFileReference; fileEncoding = 4; lastKnownFileType = text.json; path = category.json; sourceTree = "<group>"; };
		224927C92A7693E90032B4E9 /* brand.json */ = {isa = PBXFileReference; fileEncoding = 4; lastKnownFileType = text.json; path = brand.json; sourceTree = "<group>"; };
		224927CE2A7694240032B4E9 /* Info.plist */ = {isa = PBXFileReference; lastKnownFileType = text.plist; path = Info.plist; sourceTree = "<group>"; };
		224927D72A7694E00032B4E9 /* Constant.swift */ = {isa = PBXFileReference; lastKnownFileType = sourcecode.swift; path = Constant.swift; sourceTree = "<group>"; };
		224927D92A76958E0032B4E9 /* FooterView.swift */ = {isa = PBXFileReference; lastKnownFileType = sourcecode.swift; path = FooterView.swift; sourceTree = "<group>"; };
		224927DB2A7698A60032B4E9 /* NavigationBarView.swift */ = {isa = PBXFileReference; lastKnownFileType = sourcecode.swift; path = NavigationBarView.swift; sourceTree = "<group>"; };
		224927DD2A7699580032B4E9 /* LogoView.swift */ = {isa = PBXFileReference; lastKnownFileType = sourcecode.swift; path = LogoView.swift; sourceTree = "<group>"; };
		224927E12A769C790032B4E9 /* PlayerModel.swift */ = {isa = PBXFileReference; lastKnownFileType = sourcecode.swift; path = PlayerModel.swift; sourceTree = "<group>"; };
		224927E32A769C8F0032B4E9 /* CodableBundleExtension.swift */ = {isa = PBXFileReference; lastKnownFileType = sourcecode.swift; path = CodableBundleExtension.swift; sourceTree = "<group>"; };
		224927E52A769CF90032B4E9 /* FeaturedItemView.swift */ = {isa = PBXFileReference; lastKnownFileType = sourcecode.swift; path = FeaturedItemView.swift; sourceTree = "<group>"; };
		224927E72A769D3E0032B4E9 /* FeaturedTabView.swift */ = {isa = PBXFileReference; lastKnownFileType = sourcecode.swift; path = FeaturedTabView.swift; sourceTree = "<group>"; };
		224927E92A769EE30032B4E9 /* CategoryModel.swift */ = {isa = PBXFileReference; lastKnownFileType = sourcecode.swift; path = CategoryModel.swift; sourceTree = "<group>"; };
		224927EB2A769F3D0032B4E9 /* CategoryItemView.swift */ = {isa = PBXFileReference; lastKnownFileType = sourcecode.swift; path = CategoryItemView.swift; sourceTree = "<group>"; };
		224927ED2A76A0490032B4E9 /* CategoryGridView.swift */ = {isa = PBXFileReference; lastKnownFileType = sourcecode.swift; path = CategoryGridView.swift; sourceTree = "<group>"; };
		224927EF2A76A1290032B4E9 /* SectionView.swift */ = {isa = PBXFileReference; lastKnownFileType = sourcecode.swift; path = SectionView.swift; sourceTree = "<group>"; };
		224927F12A76A28A0032B4E9 /* TitleView.swift */ = {isa = PBXFileReference; lastKnownFileType = sourcecode.swift; path = TitleView.swift; sourceTree = "<group>"; };
		224927F32A76A30A0032B4E9 /* ProductModel.swift */ = {isa = PBXFileReference; lastKnownFileType = sourcecode.swift; path = ProductModel.swift; sourceTree = "<group>"; };
		224927F52A76A3510032B4E9 /* ProductItemView.swift */ = {isa = PBXFileReference; lastKnownFileType = sourcecode.swift; path = ProductItemView.swift; sourceTree = "<group>"; };
		224927F72A76A5590032B4E9 /* BrandModel.swift */ = {isa = PBXFileReference; lastKnownFileType = sourcecode.swift; path = BrandModel.swift; sourceTree = "<group>"; };
		224927F92A76A5930032B4E9 /* BrandItemView.swift */ = {isa = PBXFileReference; lastKnownFileType = sourcecode.swift; path = BrandItemView.swift; sourceTree = "<group>"; };
		224927FB2A76A5F20032B4E9 /* BrandGridView.swift */ = {isa = PBXFileReference; lastKnownFileType = sourcecode.swift; path = BrandGridView.swift; sourceTree = "<group>"; };
/* End PBXFileReference section */

/* Begin PBXFrameworksBuildPhase section */
		224927B12A76937A0032B4E9 /* Frameworks */ = {
			isa = PBXFrameworksBuildPhase;
			buildActionMask = 2147483647;
			files = (
			);
			runOnlyForDeploymentPostprocessing = 0;
		};
/* End PBXFrameworksBuildPhase section */

/* Begin PBXGroup section */
		224927AB2A7693790032B4E9 = {
			isa = PBXGroup;
			children = (
				224927B62A76937A0032B4E9 /* Touchdown */,
				224927B52A76937A0032B4E9 /* Products */,
			);
			sourceTree = "<group>";
		};
		224927B52A76937A0032B4E9 /* Products */ = {
			isa = PBXGroup;
			children = (
				224927B42A76937A0032B4E9 /* Touchdown.app */,
			);
			name = Products;
			sourceTree = "<group>";
		};
		224927B62A76937A0032B4E9 /* Touchdown */ = {
			isa = PBXGroup;
			children = (
				224927D62A7694B80032B4E9 /* Utility */,
				224927D42A7694A60032B4E9 /* Extension */,
				224927D32A7694A20032B4E9 /* Model */,
				224927D02A7694910032B4E9 /* View */,
				224927C52A7693E20032B4E9 /* Data */,
				224927CF2A76948B0032B4E9 /* App */,
				224927BB2A76937A0032B4E9 /* Assets.xcassets */,
				224927CE2A7694240032B4E9 /* Info.plist */,
				224927BD2A76937A0032B4E9 /* Preview Content */,
			);
			path = Touchdown;
			sourceTree = "<group>";
		};
		224927BD2A76937A0032B4E9 /* Preview Content */ = {
			isa = PBXGroup;
			children = (
				224927BE2A76937A0032B4E9 /* Preview Assets.xcassets */,
			);
			path = "Preview Content";
			sourceTree = "<group>";
		};
		224927C52A7693E20032B4E9 /* Data */ = {
			isa = PBXGroup;
			children = (
				224927C92A7693E90032B4E9 /* brand.json */,
				224927C82A7693E90032B4E9 /* category.json */,
				224927C72A7693E90032B4E9 /* player.json */,
				224927C62A7693E90032B4E9 /* product.json */,
			);
			path = Data;
			sourceTree = "<group>";
		};
		224927CF2A76948B0032B4E9 /* App */ = {
			isa = PBXGroup;
			children = (
				224927B72A76937A0032B4E9 /* TouchdownApp.swift */,
				224927B92A76937A0032B4E9 /* ContentView.swift */,
			);
			path = App;
			sourceTree = "<group>";
		};
		224927D02A7694910032B4E9 /* View */ = {
			isa = PBXGroup;
			children = (
				224927D22A76949B0032B4E9 /* Detail */,
				224927D12A7694960032B4E9 /* Home */,
			);
			path = View;
			sourceTree = "<group>";
		};
		224927D12A7694960032B4E9 /* Home */ = {
			isa = PBXGroup;
			children = (
				224927D92A76958E0032B4E9 /* FooterView.swift */,
				224927DB2A7698A60032B4E9 /* NavigationBarView.swift */,
				224927DD2A7699580032B4E9 /* LogoView.swift */,
				224927E52A769CF90032B4E9 /* FeaturedItemView.swift */,
				224927E72A769D3E0032B4E9 /* FeaturedTabView.swift */,
				224927EB2A769F3D0032B4E9 /* CategoryItemView.swift */,
				224927ED2A76A0490032B4E9 /* CategoryGridView.swift */,
				224927EF2A76A1290032B4E9 /* SectionView.swift */,
				224927F12A76A28A0032B4E9 /* TitleView.swift */,
				224927F52A76A3510032B4E9 /* ProductItemView.swift */,
				224927F92A76A5930032B4E9 /* BrandItemView.swift */,
				224927FB2A76A5F20032B4E9 /* BrandGridView.swift */,
			);
			path = Home;
			sourceTree = "<group>";
		};
		224927D22A76949B0032B4E9 /* Detail */ = {
			isa = PBXGroup;
			children = (
			);
			path = Detail;
			sourceTree = "<group>";
		};
		224927D32A7694A20032B4E9 /* Model */ = {
			isa = PBXGroup;
			children = (
				224927E12A769C790032B4E9 /* PlayerModel.swift */,
				224927E92A769EE30032B4E9 /* CategoryModel.swift */,
				224927F32A76A30A0032B4E9 /* ProductModel.swift */,
				224927F72A76A5590032B4E9 /* BrandModel.swift */,
			);
			path = Model;
			sourceTree = "<group>";
		};
		224927D42A7694A60032B4E9 /* Extension */ = {
			isa = PBXGroup;
			children = (
				224927E32A769C8F0032B4E9 /* CodableBundleExtension.swift */,
			);
			path = Extension;
			sourceTree = "<group>";
		};
		224927D62A7694B80032B4E9 /* Utility */ = {
			isa = PBXGroup;
			children = (
				224927D72A7694E00032B4E9 /* Constant.swift */,
			);
			path = Utility;
			sourceTree = "<group>";
		};
/* End PBXGroup section */

/* Begin PBXNativeTarget section */
		224927B32A76937A0032B4E9 /* Touchdown */ = {
			isa = PBXNativeTarget;
			buildConfigurationList = 224927C22A76937A0032B4E9 /* Build configuration list for PBXNativeTarget "Touchdown" */;
			buildPhases = (
				224927B02A76937A0032B4E9 /* Sources */,
				224927B12A76937A0032B4E9 /* Frameworks */,
				224927B22A76937A0032B4E9 /* Resources */,
			);
			buildRules = (
			);
			dependencies = (
			);
			name = Touchdown;
			productName = Touchdown;
			productReference = 224927B42A76937A0032B4E9 /* Touchdown.app */;
			productType = "com.apple.product-type.application";
		};
/* End PBXNativeTarget section */

/* Begin PBXProject section */
		224927AC2A7693790032B4E9 /* Project object */ = {
			isa = PBXProject;
			attributes = {
				BuildIndependentTargetsInParallel = 1;
				LastSwiftUpdateCheck = 1430;
				LastUpgradeCheck = 1430;
				TargetAttributes = {
					224927B32A76937A0032B4E9 = {
						CreatedOnToolsVersion = 14.3.1;
					};
				};
			};
			buildConfigurationList = 224927AF2A7693790032B4E9 /* Build configuration list for PBXProject "Touchdown" */;
			compatibilityVersion = "Xcode 14.0";
			developmentRegion = en;
			hasScannedForEncodings = 0;
			knownRegions = (
				en,
				Base,
			);
			mainGroup = 224927AB2A7693790032B4E9;
			productRefGroup = 224927B52A76937A0032B4E9 /* Products */;
			projectDirPath = "";
			projectRoot = "";
			targets = (
				224927B32A76937A0032B4E9 /* Touchdown */,
			);
		};
/* End PBXProject section */

/* Begin PBXResourcesBuildPhase section */
		224927B22A76937A0032B4E9 /* Resources */ = {
			isa = PBXResourcesBuildPhase;
			buildActionMask = 2147483647;
			files = (
				224927CB2A7693E90032B4E9 /* player.json in Resources */,
				224927BF2A76937A0032B4E9 /* Preview Assets.xcassets in Resources */,
				224927CC2A7693E90032B4E9 /* category.json in Resources */,
				224927BC2A76937A0032B4E9 /* Assets.xcassets in Resources */,
				224927CA2A7693E90032B4E9 /* product.json in Resources */,
				224927CD2A7693E90032B4E9 /* brand.json in Resources */,
			);
			runOnlyForDeploymentPostprocessing = 0;
		};
/* End PBXResourcesBuildPhase section */

/* Begin PBXSourcesBuildPhase section */
		224927B02A76937A0032B4E9 /* Sources */ = {
			isa = PBXSourcesBuildPhase;
			buildActionMask = 2147483647;
			files = (
				224927E42A769C8F0032B4E9 /* CodableBundleExtension.swift in Sources */,
				224927BA2A76937A0032B4E9 /* ContentView.swift in Sources */,
				224927DE2A7699580032B4E9 /* LogoView.swift in Sources */,
				224927DA2A76958E0032B4E9 /* FooterView.swift in Sources */,
				224927E62A769CF90032B4E9 /* FeaturedItemView.swift in Sources */,
				224927F62A76A3510032B4E9 /* ProductItemView.swift in Sources */,
				224927FC2A76A5F20032B4E9 /* BrandGridView.swift in Sources */,
				224927B82A76937A0032B4E9 /* TouchdownApp.swift in Sources */,
				224927D82A7694E00032B4E9 /* Constant.swift in Sources */,
				224927EE2A76A0490032B4E9 /* CategoryGridView.swift in Sources */,
				224927EA2A769EE30032B4E9 /* CategoryModel.swift in Sources */,
				224927DC2A7698A60032B4E9 /* NavigationBarView.swift in Sources */,
				224927F02A76A1290032B4E9 /* SectionView.swift in Sources */,
				224927FA2A76A5930032B4E9 /* BrandItemView.swift in Sources */,
				224927EC2A769F3D0032B4E9 /* CategoryItemView.swift in Sources */,
				224927E82A769D3E0032B4E9 /* FeaturedTabView.swift in Sources */,
				224927E22A769C790032B4E9 /* PlayerModel.swift in Sources */,
				224927F82A76A5590032B4E9 /* BrandModel.swift in Sources */,
				224927F22A76A28A0032B4E9 /* TitleView.swift in Sources */,
				224927F42A76A30A0032B4E9 /* ProductModel.swift in Sources */,
			);
			runOnlyForDeploymentPostprocessing = 0;
		};
/* End PBXSourcesBuildPhase section */

/* Begin XCBuildConfiguration section */
		224927C02A76937A0032B4E9 /* Debug */ = {
			isa = XCBuildConfiguration;
			buildSettings = {
				ALWAYS_SEARCH_USER_PATHS = NO;
				CLANG_ANALYZER_NONNULL = YES;
				CLANG_ANALYZER_NUMBER_OBJECT_CONVERSION = YES_AGGRESSIVE;
				CLANG_CXX_LANGUAGE_STANDARD = "gnu++20";
				CLANG_ENABLE_MODULES = YES;
				CLANG_ENABLE_OBJC_ARC = YES;
				CLANG_ENABLE_OBJC_WEAK = YES;
				CLANG_WARN_BLOCK_CAPTURE_AUTORELEASING = YES;
				CLANG_WARN_BOOL_CONVERSION = YES;
				CLANG_WARN_COMMA = YES;
				CLANG_WARN_CONSTANT_CONVERSION = YES;
				CLANG_WARN_DEPRECATED_OBJC_IMPLEMENTATIONS = YES;
				CLANG_WARN_DIRECT_OBJC_ISA_USAGE = YES_ERROR;
				CLANG_WARN_DOCUMENTATION_COMMENTS = YES;
				CLANG_WARN_EMPTY_BODY = YES;
				CLANG_WARN_ENUM_CONVERSION = YES;
				CLANG_WARN_INFINITE_RECURSION = YES;
				CLANG_WARN_INT_CONVERSION = YES;
				CLANG_WARN_NON_LITERAL_NULL_CONVERSION = YES;
				CLANG_WARN_OBJC_IMPLICIT_RETAIN_SELF = YES;
				CLANG_WARN_OBJC_LITERAL_CONVERSION = YES;
				CLANG_WARN_OBJC_ROOT_CLASS = YES_ERROR;
				CLANG_WARN_QUOTED_INCLUDE_IN_FRAMEWORK_HEADER = YES;
				CLANG_WARN_RANGE_LOOP_ANALYSIS = YES;
				CLANG_WARN_STRICT_PROTOTYPES = YES;
				CLANG_WARN_SUSPICIOUS_MOVE = YES;
				CLANG_WARN_UNGUARDED_AVAILABILITY = YES_AGGRESSIVE;
				CLANG_WARN_UNREACHABLE_CODE = YES;
				CLANG_WARN__DUPLICATE_METHOD_MATCH = YES;
				COPY_PHASE_STRIP = NO;
				DEBUG_INFORMATION_FORMAT = dwarf;
				ENABLE_STRICT_OBJC_MSGSEND = YES;
				ENABLE_TESTABILITY = YES;
				GCC_C_LANGUAGE_STANDARD = gnu11;
				GCC_DYNAMIC_NO_PIC = NO;
				GCC_NO_COMMON_BLOCKS = YES;
				GCC_OPTIMIZATION_LEVEL = 0;
				GCC_PREPROCESSOR_DEFINITIONS = (
					"DEBUG=1",
					"$(inherited)",
				);
				GCC_WARN_64_TO_32_BIT_CONVERSION = YES;
				GCC_WARN_ABOUT_RETURN_TYPE = YES_ERROR;
				GCC_WARN_UNDECLARED_SELECTOR = YES;
				GCC_WARN_UNINITIALIZED_AUTOS = YES_AGGRESSIVE;
				GCC_WARN_UNUSED_FUNCTION = YES;
				GCC_WARN_UNUSED_VARIABLE = YES;
				IPHONEOS_DEPLOYMENT_TARGET = 16.4;
				MTL_ENABLE_DEBUG_INFO = INCLUDE_SOURCE;
				MTL_FAST_MATH = YES;
				ONLY_ACTIVE_ARCH = YES;
				SDKROOT = iphoneos;
				SWIFT_ACTIVE_COMPILATION_CONDITIONS = DEBUG;
				SWIFT_OPTIMIZATION_LEVEL = "-Onone";
			};
			name = Debug;
		};
		224927C12A76937A0032B4E9 /* Release */ = {
			isa = XCBuildConfiguration;
			buildSettings = {
				ALWAYS_SEARCH_USER_PATHS = NO;
				CLANG_ANALYZER_NONNULL = YES;
				CLANG_ANALYZER_NUMBER_OBJECT_CONVERSION = YES_AGGRESSIVE;
				CLANG_CXX_LANGUAGE_STANDARD = "gnu++20";
				CLANG_ENABLE_MODULES = YES;
				CLANG_ENABLE_OBJC_ARC = YES;
				CLANG_ENABLE_OBJC_WEAK = YES;
				CLANG_WARN_BLOCK_CAPTURE_AUTORELEASING = YES;
				CLANG_WARN_BOOL_CONVERSION = YES;
				CLANG_WARN_COMMA = YES;
				CLANG_WARN_CONSTANT_CONVERSION = YES;
				CLANG_WARN_DEPRECATED_OBJC_IMPLEMENTATIONS = YES;
				CLANG_WARN_DIRECT_OBJC_ISA_USAGE = YES_ERROR;
				CLANG_WARN_DOCUMENTATION_COMMENTS = YES;
				CLANG_WARN_EMPTY_BODY = YES;
				CLANG_WARN_ENUM_CONVERSION = YES;
				CLANG_WARN_INFINITE_RECURSION = YES;
				CLANG_WARN_INT_CONVERSION = YES;
				CLANG_WARN_NON_LITERAL_NULL_CONVERSION = YES;
				CLANG_WARN_OBJC_IMPLICIT_RETAIN_SELF = YES;
				CLANG_WARN_OBJC_LITERAL_CONVERSION = YES;
				CLANG_WARN_OBJC_ROOT_CLASS = YES_ERROR;
				CLANG_WARN_QUOTED_INCLUDE_IN_FRAMEWORK_HEADER = YES;
				CLANG_WARN_RANGE_LOOP_ANALYSIS = YES;
				CLANG_WARN_STRICT_PROTOTYPES = YES;
				CLANG_WARN_SUSPICIOUS_MOVE = YES;
				CLANG_WARN_UNGUARDED_AVAILABILITY = YES_AGGRESSIVE;
				CLANG_WARN_UNREACHABLE_CODE = YES;
				CLANG_WARN__DUPLICATE_METHOD_MATCH = YES;
				COPY_PHASE_STRIP = NO;
				DEBUG_INFORMATION_FORMAT = "dwarf-with-dsym";
				ENABLE_NS_ASSERTIONS = NO;
				ENABLE_STRICT_OBJC_MSGSEND = YES;
				GCC_C_LANGUAGE_STANDARD = gnu11;
				GCC_NO_COMMON_BLOCKS = YES;
				GCC_WARN_64_TO_32_BIT_CONVERSION = YES;
				GCC_WARN_ABOUT_RETURN_TYPE = YES_ERROR;
				GCC_WARN_UNDECLARED_SELECTOR = YES;
				GCC_WARN_UNINITIALIZED_AUTOS = YES_AGGRESSIVE;
				GCC_WARN_UNUSED_FUNCTION = YES;
				GCC_WARN_UNUSED_VARIABLE = YES;
				IPHONEOS_DEPLOYMENT_TARGET = 16.4;
				MTL_ENABLE_DEBUG_INFO = NO;
				MTL_FAST_MATH = YES;
				SDKROOT = iphoneos;
				SWIFT_COMPILATION_MODE = wholemodule;
				SWIFT_OPTIMIZATION_LEVEL = "-O";
				VALIDATE_PRODUCT = YES;
			};
			name = Release;
		};
		224927C32A76937A0032B4E9 /* Debug */ = {
			isa = XCBuildConfiguration;
			buildSettings = {
				ASSETCATALOG_COMPILER_APPICON_NAME = AppIcon;
				ASSETCATALOG_COMPILER_GLOBAL_ACCENT_COLOR_NAME = AccentColor;
				CODE_SIGN_STYLE = Automatic;
				CURRENT_PROJECT_VERSION = 1;
				DEVELOPMENT_ASSET_PATHS = "\"Touchdown/Preview Content\"";
				DEVELOPMENT_TEAM = 8JRC6F73NK;
				ENABLE_PREVIEWS = YES;
				GENERATE_INFOPLIST_FILE = YES;
				INFOPLIST_FILE = Touchdown/Info.plist;
				INFOPLIST_KEY_UIApplicationSceneManifest_Generation = YES;
				INFOPLIST_KEY_UIApplicationSupportsIndirectInputEvents = YES;
				INFOPLIST_KEY_UISupportedInterfaceOrientations = UIInterfaceOrientationPortrait;
				INFOPLIST_KEY_UIUserInterfaceStyle = Light;
				LD_RUNPATH_SEARCH_PATHS = (
					"$(inherited)",
					"@executable_path/Frameworks",
				);
				MARKETING_VERSION = 1.0;
				PRODUCT_BUNDLE_IDENTIFIER = com.martinGeorgiev.Touchdown;
				PRODUCT_NAME = "$(TARGET_NAME)";
				SWIFT_EMIT_LOC_STRINGS = YES;
				SWIFT_VERSION = 5.0;
				TARGETED_DEVICE_FAMILY = "1,2";
			};
			name = Debug;
		};
		224927C42A76937A0032B4E9 /* Release */ = {
			isa = XCBuildConfiguration;
			buildSettings = {
				ASSETCATALOG_COMPILER_APPICON_NAME = AppIcon;
				ASSETCATALOG_COMPILER_GLOBAL_ACCENT_COLOR_NAME = AccentColor;
				CODE_SIGN_STYLE = Automatic;
				CURRENT_PROJECT_VERSION = 1;
				DEVELOPMENT_ASSET_PATHS = "\"Touchdown/Preview Content\"";
				DEVELOPMENT_TEAM = 8JRC6F73NK;
				ENABLE_PREVIEWS = YES;
				GENERATE_INFOPLIST_FILE = YES;
				INFOPLIST_FILE = Touchdown/Info.plist;
				INFOPLIST_KEY_UIApplicationSceneManifest_Generation = YES;
				INFOPLIST_KEY_UIApplicationSupportsIndirectInputEvents = YES;
				INFOPLIST_KEY_UISupportedInterfaceOrientations = UIInterfaceOrientationPortrait;
				INFOPLIST_KEY_UIUserInterfaceStyle = Light;
				LD_RUNPATH_SEARCH_PATHS = (
					"$(inherited)",
					"@executable_path/Frameworks",
				);
				MARKETING_VERSION = 1.0;
				PRODUCT_BUNDLE_IDENTIFIER = com.martinGeorgiev.Touchdown;
				PRODUCT_NAME = "$(TARGET_NAME)";
				SWIFT_EMIT_LOC_STRINGS = YES;
				SWIFT_VERSION = 5.0;
				TARGETED_DEVICE_FAMILY = "1,2";
			};
			name = Release;
		};
/* End XCBuildConfiguration section */

/* Begin XCConfigurationList section */
		224927AF2A7693790032B4E9 /* Build configuration list for PBXProject "Touchdown" */ = {
			isa = XCConfigurationList;
			buildConfigurations = (
				224927C02A76937A0032B4E9 /* Debug */,
				224927C12A76937A0032B4E9 /* Release */,
			);
			defaultConfigurationIsVisible = 0;
			defaultConfigurationName = Release;
		};
		224927C22A76937A0032B4E9 /* Build configuration list for PBXNativeTarget "Touchdown" */ = {
			isa = XCConfigurationList;
			buildConfigurations = (
				224927C32A76937A0032B4E9 /* Debug */,
				224927C42A76937A0032B4E9 /* Release */,
			);
			defaultConfigurationIsVisible = 0;
			defaultConfigurationName = Release;
		};
/* End XCConfigurationList section */
	};
	rootObject = 224927AC2A7693790032B4E9 /* Project object */;
}
